
Microsoft Visual Studio Solution File, Format Version 12.00
# Visual Studio for Mac
Project("{FAE04EC0-301F-11D3-BF4B-00C04F79EFBC}") = "basebuilder", "basebuilder.csproj", "{CFCC46CA-635A-6B0C-E597-8408621C1460}"
EndProject
Project("{FAE04EC0-301F-11D3-BF4B-00C04F79EFBC}") = "basebuilder.Editor", "basebuilder.Editor.csproj", "{6FB36B81-4A17-140B-1559-B3260F0DD836}"
EndProject
Global
	GlobalSection(SolutionConfigurationPlatforms) = preSolution
		Debug|Any CPU = Debug|Any CPU
		Release|Any CPU = Release|Any CPU
	EndGlobalSection
	GlobalSection(ProjectConfigurationPlatforms) = postSolution
		{CFCC46CA-635A-6B0C-E597-8408621C1460}.Debug|Any CPU.ActiveCfg = Debug|Any CPU
		{CFCC46CA-635A-6B0C-E597-8408621C1460}.Debug|Any CPU.Build.0 = Debug|Any CPU
		{CFCC46CA-635A-6B0C-E597-8408621C1460}.Release|Any CPU.ActiveCfg = Release|Any CPU
		{CFCC46CA-635A-6B0C-E597-8408621C1460}.Release|Any CPU.Build.0 = Release|Any CPU
		{6FB36B81-4A17-140B-1559-B3260F0DD836}.Debug|Any CPU.ActiveCfg = Debug|Any CPU
		{6FB36B81-4A17-140B-1559-B3260F0DD836}.Debug|Any CPU.Build.0 = Debug|Any CPU
		{6FB36B81-4A17-140B-1559-B3260F0DD836}.Release|Any CPU.ActiveCfg = Release|Any CPU
		{6FB36B81-4A17-140B-1559-B3260F0DD836}.Release|Any CPU.Build.0 = Release|Any CPU
	EndGlobalSection
	GlobalSection(SolutionProperties) = preSolution
		HideSolutionNode = FALSE
	EndGlobalSection
EndGlobal
